
Microsoft Visual Studio Solution File, Format Version 12.00
Project("{FAE04EC0-301F-11D3-BF4B-00C04F79EFBC}") = "ReversePolishNotation", "ReversePolishNotation\ReversePolishNotation.csproj", "{2C3DF089-BB7D-4489-A9E1-CB0860ECDEFE}"
EndProject
Project("{FAE04EC0-301F-11D3-BF4B-00C04F79EFBC}") = "ReversePolishNotationTests", "ReversePolishNotationTests\ReversePolishNotationTests.csproj", "{7BBA945D-7528-4ECC-B806-AFB2FA39830D}"
EndProject
Global
	GlobalSection(SolutionConfigurationPlatforms) = preSolution
		Debug|Any CPU = Debug|Any CPU
		Release|Any CPU = Release|Any CPU
	EndGlobalSection
	GlobalSection(ProjectConfigurationPlatforms) = postSolution
		{2C3DF089-BB7D-4489-A9E1-CB0860ECDEFE}.Debug|Any CPU.ActiveCfg = Debug|Any CPU
		{2C3DF089-BB7D-4489-A9E1-CB0860ECDEFE}.Debug|Any CPU.Build.0 = Debug|Any CPU
		{2C3DF089-BB7D-4489-A9E1-CB0860ECDEFE}.Release|Any CPU.ActiveCfg = Release|Any CPU
		{2C3DF089-BB7D-4489-A9E1-CB0860ECDEFE}.Release|Any CPU.Build.0 = Release|Any CPU
		{7BBA945D-7528-4ECC-B806-AFB2FA39830D}.Debug|Any CPU.ActiveCfg = Debug|Any CPU
		{7BBA945D-7528-4ECC-B806-AFB2FA39830D}.Debug|Any CPU.Build.0 = Debug|Any CPU
		{7BBA945D-7528-4ECC-B806-AFB2FA39830D}.Release|Any CPU.ActiveCfg = Release|Any CPU
		{7BBA945D-7528-4ECC-B806-AFB2FA39830D}.Release|Any CPU.Build.0 = Release|Any CPU
	EndGlobalSection
EndGlobal
